
Microsoft Visual Studio Solution File, Format Version 12.00
# Visual Studio Version 17
VisualStudioVersion = 17.0.32126.317
MinimumVisualStudioVersion = 10.0.40219.1
Project("{FAE04EC0-301F-11D3-BF4B-00C04F79EFBC}") = "GraphInheritenceTests", "GraphInheritenceTests\GraphInheritenceTests.csproj", "{253FDF99-5C38-42E8-AF4D-379ACCE33264}"
EndProject
Global
	GlobalSection(SolutionConfigurationPlatforms) = preSolution
		Debug|Any CPU = Debug|Any CPU
		Release|Any CPU = Release|Any CPU
	EndGlobalSection
	GlobalSection(ProjectConfigurationPlatforms) = postSolution
		{253FDF99-5C38-42E8-AF4D-379ACCE33264}.Debug|Any CPU.ActiveCfg = Debug|Any CPU
		{253FDF99-5C38-42E8-AF4D-379ACCE33264}.Debug|Any CPU.Build.0 = Debug|Any CPU
		{253FDF99-5C38-42E8-AF4D-379ACCE33264}.Release|Any CPU.ActiveCfg = Release|Any CPU
		{253FDF99-5C38-42E8-AF4D-379ACCE33264}.Release|Any CPU.Build.0 = Release|Any CPU
	EndGlobalSection
	GlobalSection(SolutionProperties) = preSolution
		HideSolutionNode = FALSE
	EndGlobalSection
	GlobalSection(ExtensibilityGlobals) = postSolution
		SolutionGuid = {150D9C56-C6D2-422D-A2A8-C87A80665EA3}
	EndGlobalSection
EndGlobal
